
Microsoft Visual Studio Solution File, Format Version 12.00
# Visual Studio Version 17
VisualStudioVersion = 17.12.35728.132 d17.12
MinimumVisualStudioVersion = 10.0.40219.1
Project("{FAE04EC0-301F-11D3-BF4B-00C04F79EFBC}") = "JobTaskByMofijul", "JobTaskByMofijul\JobTaskByMofijul.csproj", "{7F3C12BA-9A23-47FE-A908-8D13CB7ED07B}"
EndProject
Global
	GlobalSection(SolutionConfigurationPlatforms) = preSolution
		Debug|Any CPU = Debug|Any CPU
		Release|Any CPU = Release|Any CPU
	EndGlobalSection
	GlobalSection(ProjectConfigurationPlatforms) = postSolution
		{7F3C12BA-9A23-47FE-A908-8D13CB7ED07B}.Debug|Any CPU.ActiveCfg = Debug|Any CPU
		{7F3C12BA-9A23-47FE-A908-8D13CB7ED07B}.Debug|Any CPU.Build.0 = Debug|Any CPU
		{7F3C12BA-9A23-47FE-A908-8D13CB7ED07B}.Release|Any CPU.ActiveCfg = Release|Any CPU
		{7F3C12BA-9A23-47FE-A908-8D13CB7ED07B}.Release|Any CPU.Build.0 = Release|Any CPU
	EndGlobalSection
	GlobalSection(SolutionProperties) = preSolution
		HideSolutionNode = FALSE
	EndGlobalSection
EndGlobal
